
Microsoft Visual Studio Solution File, Format Version 12.00
# Visual Studio Version 16
VisualStudioVersion = 16.0.34301.259
MinimumVisualStudioVersion = 10.0.40219.1
Project("{FAE04EC0-301F-11D3-BF4B-00C04F79EFBC}") = "Class Animal and interface Edible", "Class Animal and interface Edible.csproj", "{3D740B79-A294-4D49-8514-7A67D45EEAE3}"
EndProject
Global
	GlobalSection(SolutionConfigurationPlatforms) = preSolution
		Debug|Any CPU = Debug|Any CPU
		Release|Any CPU = Release|Any CPU
	EndGlobalSection
	GlobalSection(ProjectConfigurationPlatforms) = postSolution
		{3D740B79-A294-4D49-8514-7A67D45EEAE3}.Debug|Any CPU.ActiveCfg = Debug|Any CPU
		{3D740B79-A294-4D49-8514-7A67D45EEAE3}.Debug|Any CPU.Build.0 = Debug|Any CPU
		{3D740B79-A294-4D49-8514-7A67D45EEAE3}.Release|Any CPU.ActiveCfg = Release|Any CPU
		{3D740B79-A294-4D49-8514-7A67D45EEAE3}.Release|Any CPU.Build.0 = Release|Any CPU
	EndGlobalSection
	GlobalSection(SolutionProperties) = preSolution
		HideSolutionNode = FALSE
	EndGlobalSection
	GlobalSection(ExtensibilityGlobals) = postSolution
		SolutionGuid = {A03F9281-5940-48F5-AAB9-42F843975C21}
	EndGlobalSection
EndGlobal
