
Microsoft Visual Studio Solution File, Format Version 12.00
# Visual Studio Version 16
VisualStudioVersion = 16.0.34114.132
MinimumVisualStudioVersion = 10.0.40219.1
Project("{FAE04EC0-301F-11D3-BF4B-00C04F79EFBC}") = "Game ran san moi", "Game ran san moi.csproj", "{61418AC0-E9E5-43C8-AB8B-862AD6656B47}"
EndProject
Global
	GlobalSection(SolutionConfigurationPlatforms) = preSolution
		Debug|Any CPU = Debug|Any CPU
		Release|Any CPU = Release|Any CPU
	EndGlobalSection
	GlobalSection(ProjectConfigurationPlatforms) = postSolution
		{61418AC0-E9E5-43C8-AB8B-862AD6656B47}.Debug|Any CPU.ActiveCfg = Debug|Any CPU
		{61418AC0-E9E5-43C8-AB8B-862AD6656B47}.Debug|Any CPU.Build.0 = Debug|Any CPU
		{61418AC0-E9E5-43C8-AB8B-862AD6656B47}.Release|Any CPU.ActiveCfg = Release|Any CPU
		{61418AC0-E9E5-43C8-AB8B-862AD6656B47}.Release|Any CPU.Build.0 = Release|Any CPU
	EndGlobalSection
	GlobalSection(SolutionProperties) = preSolution
		HideSolutionNode = FALSE
	EndGlobalSection
	GlobalSection(ExtensibilityGlobals) = postSolution
		SolutionGuid = {A69EEE16-8A60-420C-9278-25F92AE5F56B}
	EndGlobalSection
EndGlobal
