
Microsoft Visual Studio Solution File, Format Version 12.00
# Visual Studio Version 16
VisualStudioVersion = 16.0.34114.132
MinimumVisualStudioVersion = 10.0.40219.1
Project("{FAE04EC0-301F-11D3-BF4B-00C04F79EFBC}") = "BT Hien thi cac loai hinh", "BT Hien thi cac loai hinh.csproj", "{87C5A358-5776-44C1-8E33-F3FBA0103ABD}"
EndProject
Global
	GlobalSection(SolutionConfigurationPlatforms) = preSolution
		Debug|Any CPU = Debug|Any CPU
		Release|Any CPU = Release|Any CPU
	EndGlobalSection
	GlobalSection(ProjectConfigurationPlatforms) = postSolution
		{87C5A358-5776-44C1-8E33-F3FBA0103ABD}.Debug|Any CPU.ActiveCfg = Debug|Any CPU
		{87C5A358-5776-44C1-8E33-F3FBA0103ABD}.Debug|Any CPU.Build.0 = Debug|Any CPU
		{87C5A358-5776-44C1-8E33-F3FBA0103ABD}.Release|Any CPU.ActiveCfg = Release|Any CPU
		{87C5A358-5776-44C1-8E33-F3FBA0103ABD}.Release|Any CPU.Build.0 = Release|Any CPU
	EndGlobalSection
	GlobalSection(SolutionProperties) = preSolution
		HideSolutionNode = FALSE
	EndGlobalSection
	GlobalSection(ExtensibilityGlobals) = postSolution
		SolutionGuid = {DBA0BDDA-6A3A-4D4D-BB95-C84F8EF90B55}
	EndGlobalSection
EndGlobal
