
Microsoft Visual Studio Solution File, Format Version 12.00
# Visual Studio Version 16
VisualStudioVersion = 16.0.34301.259
MinimumVisualStudioVersion = 10.0.40219.1
Project("{FAE04EC0-301F-11D3-BF4B-00C04F79EFBC}") = "interface ‘Resizeable’", "interface ‘Resizeable’.csproj", "{90AEDE4D-DEB2-4486-AC74-B1440BCD74CE}"
EndProject
Global
	GlobalSection(SolutionConfigurationPlatforms) = preSolution
		Debug|Any CPU = Debug|Any CPU
		Release|Any CPU = Release|Any CPU
	EndGlobalSection
	GlobalSection(ProjectConfigurationPlatforms) = postSolution
		{90AEDE4D-DEB2-4486-AC74-B1440BCD74CE}.Debug|Any CPU.ActiveCfg = Debug|Any CPU
		{90AEDE4D-DEB2-4486-AC74-B1440BCD74CE}.Debug|Any CPU.Build.0 = Debug|Any CPU
		{90AEDE4D-DEB2-4486-AC74-B1440BCD74CE}.Release|Any CPU.ActiveCfg = Release|Any CPU
		{90AEDE4D-DEB2-4486-AC74-B1440BCD74CE}.Release|Any CPU.Build.0 = Release|Any CPU
	EndGlobalSection
	GlobalSection(SolutionProperties) = preSolution
		HideSolutionNode = FALSE
	EndGlobalSection
	GlobalSection(ExtensibilityGlobals) = postSolution
		SolutionGuid = {F2BEFF3A-9758-4213-BCCD-E4AC2435F34A}
	EndGlobalSection
EndGlobal
