
Microsoft Visual Studio Solution File, Format Version 12.00
# Visual Studio Version 16
VisualStudioVersion = 16.0.34031.81
MinimumVisualStudioVersion = 10.0.40219.1
Project("{FAE04EC0-301F-11D3-BF4B-00C04F79EFBC}") = "Buoi 4 TH2 Su dung toan tu", "Buoi 4 TH2 Su dung toan tu.csproj", "{853465BA-2BA3-4053-B3D0-57BDFD1A933F}"
EndProject
Global
	GlobalSection(SolutionConfigurationPlatforms) = preSolution
		Debug|Any CPU = Debug|Any CPU
		Release|Any CPU = Release|Any CPU
	EndGlobalSection
	GlobalSection(ProjectConfigurationPlatforms) = postSolution
		{853465BA-2BA3-4053-B3D0-57BDFD1A933F}.Debug|Any CPU.ActiveCfg = Debug|Any CPU
		{853465BA-2BA3-4053-B3D0-57BDFD1A933F}.Debug|Any CPU.Build.0 = Debug|Any CPU
		{853465BA-2BA3-4053-B3D0-57BDFD1A933F}.Release|Any CPU.ActiveCfg = Release|Any CPU
		{853465BA-2BA3-4053-B3D0-57BDFD1A933F}.Release|Any CPU.Build.0 = Release|Any CPU
	EndGlobalSection
	GlobalSection(SolutionProperties) = preSolution
		HideSolutionNode = FALSE
	EndGlobalSection
	GlobalSection(ExtensibilityGlobals) = postSolution
		SolutionGuid = {54D2FB11-F9FA-41A9-9E2B-0A55F82AB6C7}
	EndGlobalSection
EndGlobal
